
Microsoft Visual Studio Solution File, Format Version 12.00
# Visual Studio Version 16
VisualStudioVersion = 16.0.30114.105
MinimumVisualStudioVersion = 10.0.40219.1
Project("{9A19103F-16F7-4668-BE54-9A1E7A4F7556}") = "MsSqlCovidBrFileProcess", "MsSqlCovidBrFileProcess\MsSqlCovidBrFileProcess.csproj", "{3DBE1E4F-1F7E-4598-A8FA-5118DCB59FCD}"
EndProject
Project("{9A19103F-16F7-4668-BE54-9A1E7A4F7556}") = "LibConsoleProgressBar", "LibConsoleProgressBar\LibConsoleProgressBar.csproj", "{DEBCF0C2-20E6-40DE-997D-4646EE201F50}"
EndProject
Project("{9A19103F-16F7-4668-BE54-9A1E7A4F7556}") = "LibFileDownload", "LibFileDownload\LibFileDownload.csproj", "{BA67BA6D-BD80-4B71-BA42-3BB4A1930ED2}"
EndProject
Project("{9A19103F-16F7-4668-BE54-9A1E7A4F7556}") = "LibFileTools", "LibFileTools\LibFileTools.csproj", "{7B53F5CE-C885-4E10-BACA-BFBF67C26DEA}"
EndProject
Project("{9A19103F-16F7-4668-BE54-9A1E7A4F7556}") = "LibToolsLog", "LibToolsLog\LibToolsLog.csproj", "{D6A95A87-28B7-43F0-B0D7-024B0D5F47AA}"
EndProject
Project("{9A19103F-16F7-4668-BE54-9A1E7A4F7556}") = "LibWeb", "LibWeb\LibWeb.csproj", "{E81290CB-BCD2-445F-809E-BBDDEF403E15}"
EndProject
Project("{9A19103F-16F7-4668-BE54-9A1E7A4F7556}") = "IncrementalUfFileProcessMsSQL", "IncrementalUfFileProcessMsSQL\IncrementalUfFileProcessMsSQL.csproj", "{854ED541-6044-4CAC-ACF6-277D357F85AB}"
EndProject
Project("{9A19103F-16F7-4668-BE54-9A1E7A4F7556}") = "IncrementalDataFileProcessMsSQL", "IncrementalDataFileProcessMsSQL\IncrementalDataFileProcessMsSQL.csproj", "{11C1032F-3791-4BCC-9DC6-726C684A4BEA}"
EndProject
Project("{9A19103F-16F7-4668-BE54-9A1E7A4F7556}") = "PortalCovid19Br", "PortalCovid19Br\PortalCovid19Br.csproj", "{B9669699-3428-4DCC-98BB-2302B86A85ED}"
EndProject
Project("{9A19103F-16F7-4668-BE54-9A1E7A4F7556}") = "IncrementalDataUfFileProcessMsSQL", "IncrementalDataUfFileProcessMsSQL\IncrementalDataUfFileProcessMsSQL.csproj", "{0EAA52E6-B47F-40E4-8EBE-0E2A539DA4BE}"
EndProject
Project("{9A19103F-16F7-4668-BE54-9A1E7A4F7556}") = "GerarScriptMsSqlINSERT", "GerarScriptMsSqlINSERT\GerarScriptMsSqlINSERT.csproj", "{E6792682-753A-431E-B1D3-199F36A7DBA6}"
EndProject
Project("{FAE04EC0-301F-11D3-BF4B-00C04F79EFBC}") = "WebFormsAppCovid19", "WebFormsAppCovid19\WebFormsAppCovid19.csproj", "{6EA22306-6E17-48A2-A179-9A6CD528EBB4}"
EndProject
Global
	GlobalSection(SolutionConfigurationPlatforms) = preSolution
		Debug|Any CPU = Debug|Any CPU
		Debug|x64 = Debug|x64
		Debug|x86 = Debug|x86
		Release|Any CPU = Release|Any CPU
		Release|x64 = Release|x64
		Release|x86 = Release|x86
	EndGlobalSection
	GlobalSection(ProjectConfigurationPlatforms) = postSolution
		{3DBE1E4F-1F7E-4598-A8FA-5118DCB59FCD}.Debug|Any CPU.ActiveCfg = Debug|Any CPU
		{3DBE1E4F-1F7E-4598-A8FA-5118DCB59FCD}.Debug|Any CPU.Build.0 = Debug|Any CPU
		{3DBE1E4F-1F7E-4598-A8FA-5118DCB59FCD}.Debug|x64.ActiveCfg = Debug|Any CPU
		{3DBE1E4F-1F7E-4598-A8FA-5118DCB59FCD}.Debug|x64.Build.0 = Debug|Any CPU
		{3DBE1E4F-1F7E-4598-A8FA-5118DCB59FCD}.Debug|x86.ActiveCfg = Debug|Any CPU
		{3DBE1E4F-1F7E-4598-A8FA-5118DCB59FCD}.Debug|x86.Build.0 = Debug|Any CPU
		{3DBE1E4F-1F7E-4598-A8FA-5118DCB59FCD}.Release|Any CPU.ActiveCfg = Release|Any CPU
		{3DBE1E4F-1F7E-4598-A8FA-5118DCB59FCD}.Release|Any CPU.Build.0 = Release|Any CPU
		{3DBE1E4F-1F7E-4598-A8FA-5118DCB59FCD}.Release|x64.ActiveCfg = Release|Any CPU
		{3DBE1E4F-1F7E-4598-A8FA-5118DCB59FCD}.Release|x64.Build.0 = Release|Any CPU
		{3DBE1E4F-1F7E-4598-A8FA-5118DCB59FCD}.Release|x86.ActiveCfg = Release|Any CPU
		{3DBE1E4F-1F7E-4598-A8FA-5118DCB59FCD}.Release|x86.Build.0 = Release|Any CPU
		{DEBCF0C2-20E6-40DE-997D-4646EE201F50}.Debug|Any CPU.ActiveCfg = Debug|Any CPU
		{DEBCF0C2-20E6-40DE-997D-4646EE201F50}.Debug|Any CPU.Build.0 = Debug|Any CPU
		{DEBCF0C2-20E6-40DE-997D-4646EE201F50}.Debug|x64.ActiveCfg = Debug|Any CPU
		{DEBCF0C2-20E6-40DE-997D-4646EE201F50}.Debug|x64.Build.0 = Debug|Any CPU
		{DEBCF0C2-20E6-40DE-997D-4646EE201F50}.Debug|x86.ActiveCfg = Debug|Any CPU
		{DEBCF0C2-20E6-40DE-997D-4646EE201F50}.Debug|x86.Build.0 = Debug|Any CPU
		{DEBCF0C2-20E6-40DE-997D-4646EE201F50}.Release|Any CPU.ActiveCfg = Release|Any CPU
		{DEBCF0C2-20E6-40DE-997D-4646EE201F50}.Release|Any CPU.Build.0 = Release|Any CPU
		{DEBCF0C2-20E6-40DE-997D-4646EE201F50}.Release|x64.ActiveCfg = Release|Any CPU
		{DEBCF0C2-20E6-40DE-997D-4646EE201F50}.Release|x64.Build.0 = Release|Any CPU
		{DEBCF0C2-20E6-40DE-997D-4646EE201F50}.Release|x86.ActiveCfg = Release|Any CPU
		{DEBCF0C2-20E6-40DE-997D-4646EE201F50}.Release|x86.Build.0 = Release|Any CPU
		{BA67BA6D-BD80-4B71-BA42-3BB4A1930ED2}.Debug|Any CPU.ActiveCfg = Debug|Any CPU
		{BA67BA6D-BD80-4B71-BA42-3BB4A1930ED2}.Debug|Any CPU.Build.0 = Debug|Any CPU
		{BA67BA6D-BD80-4B71-BA42-3BB4A1930ED2}.Debug|x64.ActiveCfg = Debug|Any CPU
		{BA67BA6D-BD80-4B71-BA42-3BB4A1930ED2}.Debug|x64.Build.0 = Debug|Any CPU
		{BA67BA6D-BD80-4B71-BA42-3BB4A1930ED2}.Debug|x86.ActiveCfg = Debug|Any CPU
		{BA67BA6D-BD80-4B71-BA42-3BB4A1930ED2}.Debug|x86.Build.0 = Debug|Any CPU
		{BA67BA6D-BD80-4B71-BA42-3BB4A1930ED2}.Release|Any CPU.ActiveCfg = Release|Any CPU
		{BA67BA6D-BD80-4B71-BA42-3BB4A1930ED2}.Release|Any CPU.Build.0 = Release|Any CPU
		{BA67BA6D-BD80-4B71-BA42-3BB4A1930ED2}.Release|x64.ActiveCfg = Release|Any CPU
		{BA67BA6D-BD80-4B71-BA42-3BB4A1930ED2}.Release|x64.Build.0 = Release|Any CPU
		{BA67BA6D-BD80-4B71-BA42-3BB4A1930ED2}.Release|x86.ActiveCfg = Release|Any CPU
		{BA67BA6D-BD80-4B71-BA42-3BB4A1930ED2}.Release|x86.Build.0 = Release|Any CPU
		{7B53F5CE-C885-4E10-BACA-BFBF67C26DEA}.Debug|Any CPU.ActiveCfg = Debug|Any CPU
		{7B53F5CE-C885-4E10-BACA-BFBF67C26DEA}.Debug|Any CPU.Build.0 = Debug|Any CPU
		{7B53F5CE-C885-4E10-BACA-BFBF67C26DEA}.Debug|x64.ActiveCfg = Debug|Any CPU
		{7B53F5CE-C885-4E10-BACA-BFBF67C26DEA}.Debug|x64.Build.0 = Debug|Any CPU
		{7B53F5CE-C885-4E10-BACA-BFBF67C26DEA}.Debug|x86.ActiveCfg = Debug|Any CPU
		{7B53F5CE-C885-4E10-BACA-BFBF67C26DEA}.Debug|x86.Build.0 = Debug|Any CPU
		{7B53F5CE-C885-4E10-BACA-BFBF67C26DEA}.Release|Any CPU.ActiveCfg = Release|Any CPU
		{7B53F5CE-C885-4E10-BACA-BFBF67C26DEA}.Release|Any CPU.Build.0 = Release|Any CPU
		{7B53F5CE-C885-4E10-BACA-BFBF67C26DEA}.Release|x64.ActiveCfg = Release|Any CPU
		{7B53F5CE-C885-4E10-BACA-BFBF67C26DEA}.Release|x64.Build.0 = Release|Any CPU
		{7B53F5CE-C885-4E10-BACA-BFBF67C26DEA}.Release|x86.ActiveCfg = Release|Any CPU
		{7B53F5CE-C885-4E10-BACA-BFBF67C26DEA}.Release|x86.Build.0 = Release|Any CPU
		{D6A95A87-28B7-43F0-B0D7-024B0D5F47AA}.Debug|Any CPU.ActiveCfg = Debug|Any CPU
		{D6A95A87-28B7-43F0-B0D7-024B0D5F47AA}.Debug|Any CPU.Build.0 = Debug|Any CPU
		{D6A95A87-28B7-43F0-B0D7-024B0D5F47AA}.Debug|x64.ActiveCfg = Debug|Any CPU
		{D6A95A87-28B7-43F0-B0D7-024B0D5F47AA}.Debug|x64.Build.0 = Debug|Any CPU
		{D6A95A87-28B7-43F0-B0D7-024B0D5F47AA}.Debug|x86.ActiveCfg = Debug|Any CPU
		{D6A95A87-28B7-43F0-B0D7-024B0D5F47AA}.Debug|x86.Build.0 = Debug|Any CPU
		{D6A95A87-28B7-43F0-B0D7-024B0D5F47AA}.Release|Any CPU.ActiveCfg = Release|Any CPU
		{D6A95A87-28B7-43F0-B0D7-024B0D5F47AA}.Release|Any CPU.Build.0 = Release|Any CPU
		{D6A95A87-28B7-43F0-B0D7-024B0D5F47AA}.Release|x64.ActiveCfg = Release|Any CPU
		{D6A95A87-28B7-43F0-B0D7-024B0D5F47AA}.Release|x64.Build.0 = Release|Any CPU
		{D6A95A87-28B7-43F0-B0D7-024B0D5F47AA}.Release|x86.ActiveCfg = Release|Any CPU
		{D6A95A87-28B7-43F0-B0D7-024B0D5F47AA}.Release|x86.Build.0 = Release|Any CPU
		{E81290CB-BCD2-445F-809E-BBDDEF403E15}.Debug|Any CPU.ActiveCfg = Debug|Any CPU
		{E81290CB-BCD2-445F-809E-BBDDEF403E15}.Debug|Any CPU.Build.0 = Debug|Any CPU
		{E81290CB-BCD2-445F-809E-BBDDEF403E15}.Debug|x64.ActiveCfg = Debug|Any CPU
		{E81290CB-BCD2-445F-809E-BBDDEF403E15}.Debug|x64.Build.0 = Debug|Any CPU
		{E81290CB-BCD2-445F-809E-BBDDEF403E15}.Debug|x86.ActiveCfg = Debug|Any CPU
		{E81290CB-BCD2-445F-809E-BBDDEF403E15}.Debug|x86.Build.0 = Debug|Any CPU
		{E81290CB-BCD2-445F-809E-BBDDEF403E15}.Release|Any CPU.ActiveCfg = Release|Any CPU
		{E81290CB-BCD2-445F-809E-BBDDEF403E15}.Release|Any CPU.Build.0 = Release|Any CPU
		{E81290CB-BCD2-445F-809E-BBDDEF403E15}.Release|x64.ActiveCfg = Release|Any CPU
		{E81290CB-BCD2-445F-809E-BBDDEF403E15}.Release|x64.Build.0 = Release|Any CPU
		{E81290CB-BCD2-445F-809E-BBDDEF403E15}.Release|x86.ActiveCfg = Release|Any CPU
		{E81290CB-BCD2-445F-809E-BBDDEF403E15}.Release|x86.Build.0 = Release|Any CPU
		{854ED541-6044-4CAC-ACF6-277D357F85AB}.Debug|Any CPU.ActiveCfg = Debug|Any CPU
		{854ED541-6044-4CAC-ACF6-277D357F85AB}.Debug|Any CPU.Build.0 = Debug|Any CPU
		{854ED541-6044-4CAC-ACF6-277D357F85AB}.Debug|x64.ActiveCfg = Debug|Any CPU
		{854ED541-6044-4CAC-ACF6-277D357F85AB}.Debug|x64.Build.0 = Debug|Any CPU
		{854ED541-6044-4CAC-ACF6-277D357F85AB}.Debug|x86.ActiveCfg = Debug|Any CPU
		{854ED541-6044-4CAC-ACF6-277D357F85AB}.Debug|x86.Build.0 = Debug|Any CPU
		{854ED541-6044-4CAC-ACF6-277D357F85AB}.Release|Any CPU.ActiveCfg = Release|Any CPU
		{854ED541-6044-4CAC-ACF6-277D357F85AB}.Release|Any CPU.Build.0 = Release|Any CPU
		{854ED541-6044-4CAC-ACF6-277D357F85AB}.Release|x64.ActiveCfg = Release|Any CPU
		{854ED541-6044-4CAC-ACF6-277D357F85AB}.Release|x64.Build.0 = Release|Any CPU
		{854ED541-6044-4CAC-ACF6-277D357F85AB}.Release|x86.ActiveCfg = Release|Any CPU
		{854ED541-6044-4CAC-ACF6-277D357F85AB}.Release|x86.Build.0 = Release|Any CPU
		{11C1032F-3791-4BCC-9DC6-726C684A4BEA}.Debug|Any CPU.ActiveCfg = Debug|Any CPU
		{11C1032F-3791-4BCC-9DC6-726C684A4BEA}.Debug|Any CPU.Build.0 = Debug|Any CPU
		{11C1032F-3791-4BCC-9DC6-726C684A4BEA}.Debug|x64.ActiveCfg = Debug|Any CPU
		{11C1032F-3791-4BCC-9DC6-726C684A4BEA}.Debug|x64.Build.0 = Debug|Any CPU
		{11C1032F-3791-4BCC-9DC6-726C684A4BEA}.Debug|x86.ActiveCfg = Debug|Any CPU
		{11C1032F-3791-4BCC-9DC6-726C684A4BEA}.Debug|x86.Build.0 = Debug|Any CPU
		{11C1032F-3791-4BCC-9DC6-726C684A4BEA}.Release|Any CPU.ActiveCfg = Release|Any CPU
		{11C1032F-3791-4BCC-9DC6-726C684A4BEA}.Release|Any CPU.Build.0 = Release|Any CPU
		{11C1032F-3791-4BCC-9DC6-726C684A4BEA}.Release|x64.ActiveCfg = Release|Any CPU
		{11C1032F-3791-4BCC-9DC6-726C684A4BEA}.Release|x64.Build.0 = Release|Any CPU
		{11C1032F-3791-4BCC-9DC6-726C684A4BEA}.Release|x86.ActiveCfg = Release|Any CPU
		{11C1032F-3791-4BCC-9DC6-726C684A4BEA}.Release|x86.Build.0 = Release|Any CPU
		{B9669699-3428-4DCC-98BB-2302B86A85ED}.Debug|Any CPU.ActiveCfg = Debug|Any CPU
		{B9669699-3428-4DCC-98BB-2302B86A85ED}.Debug|Any CPU.Build.0 = Debug|Any CPU
		{B9669699-3428-4DCC-98BB-2302B86A85ED}.Debug|x64.ActiveCfg = Debug|Any CPU
		{B9669699-3428-4DCC-98BB-2302B86A85ED}.Debug|x64.Build.0 = Debug|Any CPU
		{B9669699-3428-4DCC-98BB-2302B86A85ED}.Debug|x86.ActiveCfg = Debug|Any CPU
		{B9669699-3428-4DCC-98BB-2302B86A85ED}.Debug|x86.Build.0 = Debug|Any CPU
		{B9669699-3428-4DCC-98BB-2302B86A85ED}.Release|Any CPU.ActiveCfg = Release|Any CPU
		{B9669699-3428-4DCC-98BB-2302B86A85ED}.Release|Any CPU.Build.0 = Release|Any CPU
		{B9669699-3428-4DCC-98BB-2302B86A85ED}.Release|x64.ActiveCfg = Release|Any CPU
		{B9669699-3428-4DCC-98BB-2302B86A85ED}.Release|x64.Build.0 = Release|Any CPU
		{B9669699-3428-4DCC-98BB-2302B86A85ED}.Release|x86.ActiveCfg = Release|Any CPU
		{B9669699-3428-4DCC-98BB-2302B86A85ED}.Release|x86.Build.0 = Release|Any CPU
		{0EAA52E6-B47F-40E4-8EBE-0E2A539DA4BE}.Debug|Any CPU.ActiveCfg = Debug|Any CPU
		{0EAA52E6-B47F-40E4-8EBE-0E2A539DA4BE}.Debug|Any CPU.Build.0 = Debug|Any CPU
		{0EAA52E6-B47F-40E4-8EBE-0E2A539DA4BE}.Debug|x64.ActiveCfg = Debug|Any CPU
		{0EAA52E6-B47F-40E4-8EBE-0E2A539DA4BE}.Debug|x64.Build.0 = Debug|Any CPU
		{0EAA52E6-B47F-40E4-8EBE-0E2A539DA4BE}.Debug|x86.ActiveCfg = Debug|Any CPU
		{0EAA52E6-B47F-40E4-8EBE-0E2A539DA4BE}.Debug|x86.Build.0 = Debug|Any CPU
		{0EAA52E6-B47F-40E4-8EBE-0E2A539DA4BE}.Release|Any CPU.ActiveCfg = Release|Any CPU
		{0EAA52E6-B47F-40E4-8EBE-0E2A539DA4BE}.Release|Any CPU.Build.0 = Release|Any CPU
		{0EAA52E6-B47F-40E4-8EBE-0E2A539DA4BE}.Release|x64.ActiveCfg = Release|Any CPU
		{0EAA52E6-B47F-40E4-8EBE-0E2A539DA4BE}.Release|x64.Build.0 = Release|Any CPU
		{0EAA52E6-B47F-40E4-8EBE-0E2A539DA4BE}.Release|x86.ActiveCfg = Release|Any CPU
		{0EAA52E6-B47F-40E4-8EBE-0E2A539DA4BE}.Release|x86.Build.0 = Release|Any CPU
		{E6792682-753A-431E-B1D3-199F36A7DBA6}.Debug|Any CPU.ActiveCfg = Debug|Any CPU
		{E6792682-753A-431E-B1D3-199F36A7DBA6}.Debug|Any CPU.Build.0 = Debug|Any CPU
		{E6792682-753A-431E-B1D3-199F36A7DBA6}.Debug|x64.ActiveCfg = Debug|Any CPU
		{E6792682-753A-431E-B1D3-199F36A7DBA6}.Debug|x64.Build.0 = Debug|Any CPU
		{E6792682-753A-431E-B1D3-199F36A7DBA6}.Debug|x86.ActiveCfg = Debug|Any CPU
		{E6792682-753A-431E-B1D3-199F36A7DBA6}.Debug|x86.Build.0 = Debug|Any CPU
		{E6792682-753A-431E-B1D3-199F36A7DBA6}.Release|Any CPU.ActiveCfg = Release|Any CPU
		{E6792682-753A-431E-B1D3-199F36A7DBA6}.Release|Any CPU.Build.0 = Release|Any CPU
		{E6792682-753A-431E-B1D3-199F36A7DBA6}.Release|x64.ActiveCfg = Release|Any CPU
		{E6792682-753A-431E-B1D3-199F36A7DBA6}.Release|x64.Build.0 = Release|Any CPU
		{E6792682-753A-431E-B1D3-199F36A7DBA6}.Release|x86.ActiveCfg = Release|Any CPU
		{E6792682-753A-431E-B1D3-199F36A7DBA6}.Release|x86.Build.0 = Release|Any CPU
		{6EA22306-6E17-48A2-A179-9A6CD528EBB4}.Debug|Any CPU.ActiveCfg = Debug|Any CPU
		{6EA22306-6E17-48A2-A179-9A6CD528EBB4}.Debug|Any CPU.Build.0 = Debug|Any CPU
		{6EA22306-6E17-48A2-A179-9A6CD528EBB4}.Debug|x64.ActiveCfg = Debug|Any CPU
		{6EA22306-6E17-48A2-A179-9A6CD528EBB4}.Debug|x64.Build.0 = Debug|Any CPU
		{6EA22306-6E17-48A2-A179-9A6CD528EBB4}.Debug|x86.ActiveCfg = Debug|Any CPU
		{6EA22306-6E17-48A2-A179-9A6CD528EBB4}.Debug|x86.Build.0 = Debug|Any CPU
		{6EA22306-6E17-48A2-A179-9A6CD528EBB4}.Release|Any CPU.ActiveCfg = Release|Any CPU
		{6EA22306-6E17-48A2-A179-9A6CD528EBB4}.Release|Any CPU.Build.0 = Release|Any CPU
		{6EA22306-6E17-48A2-A179-9A6CD528EBB4}.Release|x64.ActiveCfg = Release|Any CPU
		{6EA22306-6E17-48A2-A179-9A6CD528EBB4}.Release|x64.Build.0 = Release|Any CPU
		{6EA22306-6E17-48A2-A179-9A6CD528EBB4}.Release|x86.ActiveCfg = Release|Any CPU
		{6EA22306-6E17-48A2-A179-9A6CD528EBB4}.Release|x86.Build.0 = Release|Any CPU
	EndGlobalSection
	GlobalSection(SolutionProperties) = preSolution
		HideSolutionNode = FALSE
	EndGlobalSection
	GlobalSection(ExtensibilityGlobals) = postSolution
		SolutionGuid = {1114C30E-2619-4B2F-AACB-9FA87DF54D07}
	EndGlobalSection
EndGlobal
